
Microsoft Visual Studio Solution File, Format Version 12.00
# Visual Studio Version 16
VisualStudioVersion = 16.0.30011.22
MinimumVisualStudioVersion = 10.0.40219.1
Project("{9A19103F-16F7-4668-BE54-9A1E7A4F7556}") = "StackEventDemo", "StackEventDemo\StackEventDemo.csproj", "{2F98C208-D326-41F7-A442-143E5C1E3FAD}"
EndProject
Global
	GlobalSection(SolutionConfigurationPlatforms) = preSolution
		Debug|Any CPU = Debug|Any CPU
		Release|Any CPU = Release|Any CPU
	EndGlobalSection
	GlobalSection(ProjectConfigurationPlatforms) = postSolution
		{2F98C208-D326-41F7-A442-143E5C1E3FAD}.Debug|Any CPU.ActiveCfg = Debug|Any CPU
		{2F98C208-D326-41F7-A442-143E5C1E3FAD}.Debug|Any CPU.Build.0 = Debug|Any CPU
		{2F98C208-D326-41F7-A442-143E5C1E3FAD}.Release|Any CPU.ActiveCfg = Release|Any CPU
		{2F98C208-D326-41F7-A442-143E5C1E3FAD}.Release|Any CPU.Build.0 = Release|Any CPU
	EndGlobalSection
	GlobalSection(SolutionProperties) = preSolution
		HideSolutionNode = FALSE
	EndGlobalSection
	GlobalSection(ExtensibilityGlobals) = postSolution
		SolutionGuid = {A37DB09F-3415-42A6-A4A2-C8F9FB326135}
	EndGlobalSection
EndGlobal
